{"1.1.0",
[{<<"alarms">>,
  {git,"https://github.com/hippware/alarms",
       {ref,"e578a1916583486fa20d83d63b77233a56fbc782"}},
  0},
 {<<"base16">>,{pkg,<<"base16">>,<<"1.0.0">>},0},
 {<<"bear">>,
  {git,"git://github.com/boundary/bear.git",
       {ref,"119234548783af19b8ec75c879c5062676b92571"}},
  2},
 {<<"cache_tab">>,{pkg,<<"cache_tab">>,<<"1.0.7">>},0},
 {<<"cowboy">>,{pkg,<<"cowboy">>,<<"1.0.4">>},0},
 {<<"cowlib">>,{pkg,<<"cowlib">>,<<"1.0.2">>},1},
 {<<"cuesport">>,
  {git,"https://github.com/esl/cuesport",
       {ref,"d82ff25baf393eb11712721fb1b881b4b9f80176"}},
  0},
 {<<"edown">>,{pkg,<<"edown">>,<<"0.8.1">>},0},
 {<<"exml">>,
  {git,"https://github.com/esl/exml",
       {ref,"06e743197a519e86e7faef6b938e09e80cddeaa3"}},
  0},
 {<<"exometer">>,
  {git,"https://github.com/esl/exometer",
       {ref,"fa4f539823b42744bbb9cd42b22ec71305ce4b8f"}},
  0},
 {<<"exometer_core">>,
  {git,"git://github.com/esl/exometer_core.git",
       {ref,"9e4e4256e71e313070996a9d8e3fc4e270820f4e"}},
  1},
 {<<"folsom">>,
  {git,"git://github.com/boundary/folsom",
       {ref,"38e2cce7c64ce1f0a3a918d90394cfc0a940b1ba"}},
  1},
 {<<"fusco">>,
  {git,"https://github.com/esl/fusco",
       {ref,"0c2442b236e99b2564e35a76c7e86168917c052e"}},
  0},
 {<<"goldrush">>,{pkg,<<"goldrush">>,<<"0.1.9">>},1},
 {<<"hamcrest">>,
  {git,"https://github.com/basho/hamcrest-erlang.git",
       {ref,"98bc7aa19ea081478c816824aa05fc5a48acae66"}},
  2},
 {<<"idna">>,{pkg,<<"idna">>,<<"1.2.0">>},0},
 {<<"jiffy">>,{pkg,<<"jiffy">>,<<"0.14.11">>},0},
 {<<"lager">>,{pkg,<<"lager">>,<<"3.2.4">>},0},
 {<<"lager_syslog">>,
  {git,"https://github.com/basho/lager_syslog",
       {ref,"c59ccd421426a3d54b379e9b1f62f1f145dd5802"}},
  0},
 {<<"meck">>,{pkg,<<"meck">>,<<"0.8.4">>},0},
 {<<"mochijson2">>,
  {git,"https://github.com/bjnortier/mochijson2",
       {ref,"e162b7f5be57b8a1fcf5cc99aa4948864af42bba"}},
  0},
 {<<"mustache">>,
  {git,"https://github.com/mojombo/mustache.erl",
       {ref,"031c7aa302810424c198aa003aa8cf090150b555"}},
  0},
 {<<"p1_utils">>,{pkg,<<"p1_utils">>,<<"1.0.7">>},1},
 {<<"parse_trans">>,
  {git,"git://github.com/uwiger/parse_trans.git",
       {ref,"a210adafdfbb904d156d8f22abd5fb58fc17de1e"}},
  2},
 {<<"partial">>,
  {git,"https://github.com/hippware/partial",
       {ref,"2d7099c54bd37118e517ce1d6003be47b047a442"}},
  0},
 {<<"poolboy">>,{pkg,<<"poolboy">>,<<"1.5.1">>},0},
 {<<"proper">>,
  {git,"https://github.com/manopapad/proper",
       {ref,"5f0d69c831b6c9f52535c3d1846efca480f6190d"}},
  0},
 {<<"protobuffs">>,
  {git,"https://github.com/basho/erlang_protobuffs.git",
       {ref,"0dde9d3b37b7bec3a4dfb0e87684dd7039e169ab"}},
  2},
 {<<"quickrand">>,{pkg,<<"quickrand">>,<<"1.7.0">>},1},
 {<<"ranch">>,{pkg,<<"ranch">>,<<"1.3.2">>},1},
 {<<"recon">>,{pkg,<<"recon">>,<<"2.3.2">>},0},
 {<<"redo">>,{pkg,<<"redo">>,<<"2.0.1">>},0},
 {<<"riak_pb">>,
  {git,"https://github.com/basho/riak_pb",
       {ref,"cb15cc4770f3748289ba56245d62b1c0d07c33f7"}},
  1},
 {<<"riakc">>,
  {git,"https://github.com/basho/riak-erlang-client",
       {ref,"736ad33b6f1130bd8c4b5d1f639b8948c429daa4"}},
  0},
 {<<"setup">>,
  {git,"git://github.com/uwiger/setup.git",
       {ref,"85447ca5eb671db0517a475791ac7fb3604bf44d"}},
  2},
 {<<"stringprep">>,{pkg,<<"stringprep">>,<<"1.0.8">>},0},
 {<<"syslog">>,
  {git,"https://github.com/basho/erlang-syslog",
       {ref,"e24c9ee8f7bb3f066ec152c210af10c2c712759a"}},
  1},
 {<<"usec">>,
  {git,"https://github.com/esl/usec",
       {ref,"f85ffd8350d7000c26392c18bdfcdbb30f3b5ee8"}},
  0},
 {<<"uuid">>,{pkg,<<"uuid_erl">>,<<"1.7.0">>},0}]}.
[
{pkg_hash,[
 {<<"base16">>, <<"283644E2B21BD5915ACB7178BED7851FB07C6E5749B8FAD68A53C501092176D9">>},
 {<<"cache_tab">>, <<"8E2C958C0C2178E6C015AA7340C761521DC71B642192A5A7887F4AEFFA29C7B1">>},
 {<<"cowboy">>, <<"A324A8DF9F2316C833A470D918AAF73AE894278B8AA6226CE7A9BF699388F878">>},
 {<<"cowlib">>, <<"9D769A1D062C9C3AC753096F868CA121E2730B9A377DE23DEC0F7E08B1DF84EE">>},
 {<<"edown">>, <<"7333B6F6B7BBC736C263E9CEB8261667D7C8F7D92E251829F1A9FE8F24E7B694">>},
 {<<"goldrush">>, <<"F06E5D5F1277DA5C413E84D5A2924174182FB108DABB39D5EC548B27424CD106">>},
 {<<"idna">>, <<"AC62EE99DA068F43C50DC69ACF700E03A62A348360126260E87F2B54ECED86B2">>},
 {<<"jiffy">>, <<"919A87D491C5A6B5E3BBC27FAFEDC3A0761CA0B4C405394F121F582FD4E3F0E5">>},
 {<<"lager">>, <<"A6DEB74DAE7927F46BD13255268308EF03EB206EC784A94EAF7C1C0F3B811615">>},
 {<<"meck">>, <<"59CA1CD971372AA223138EFCF9B29475BDE299E1953046A0C727184790AB1520">>},
 {<<"p1_utils">>, <<"030ADBCE8935F1B87AAEDFDB037D3127CC671EE3E1904B394E6DDE9E449D6979">>},
 {<<"poolboy">>, <<"6B46163901CFD0A1B43D692657ED9D7E599853B3B21B95AE5AE0A777CF9B6CA8">>},
 {<<"quickrand">>, <<"FF3916C50BC10A8DC62417FC6049FEF5EA56D5DBCFCE546FAABFB6188E3BAEAA">>},
 {<<"ranch">>, <<"E4965A144DC9FBE70E5C077C65E73C57165416A901BD02EA899CFD95AA890986">>},
 {<<"recon">>, <<"4444C879BE323B1B133EEC5241CB84BD3821EA194C740D75617E106BE4744318">>},
 {<<"redo">>, <<"B895C67F4C1266DB8FECCA0079FBAB65BDFAF7C2F5618C8EDBDBF4800E7E248B">>},
 {<<"stringprep">>, <<"870D72DB031796177261AF88D1E6EB081DC314AD217377D441E5EA3C8504A310">>},
 {<<"uuid">>, <<"EB803855E12D57B1CC10522781D1B42064FA2E4C576731700EE48D84A9283292">>}]}
].
