{"1.1.0",
[{<<"alarms">>,
  {git,"https://github.com/hippware/alarms",
       {ref,"e578a1916583486fa20d83d63b77233a56fbc782"}},
  0},
 {<<"base16">>,{pkg,<<"base16">>,<<"1.0.0">>},0},
 {<<"bear">>,
  {git,"git://github.com/boundary/bear.git",
       {ref,"119234548783af19b8ec75c879c5062676b92571"}},
  2},
 {<<"cache_tab">>,{pkg,<<"cache_tab">>,<<"1.0.4">>},0},
 {<<"cowboy">>,{pkg,<<"cowboy">>,<<"1.0.4">>},0},
 {<<"cowlib">>,{pkg,<<"cowlib">>,<<"1.0.2">>},1},
 {<<"cuesport">>,
  {git,"https://github.com/esl/cuesport",
       {ref,"d82ff25baf393eb11712721fb1b881b4b9f80176"}},
  0},
 {<<"edown">>,{pkg,<<"edown">>,<<"0.8.1">>},0},
 {<<"exml">>,
  {git,"https://github.com/esl/exml",
       {ref,"75ad4e8fcdf4b6180172ccf9c55b534e7cf17f6a"}},
  0},
 {<<"exometer">>,
  {git,"https://github.com/esl/exometer",
       {ref,"fa4f539823b42744bbb9cd42b22ec71305ce4b8f"}},
  0},
 {<<"exometer_core">>,
  {git,"git://github.com/esl/exometer_core.git",
       {ref,"9e4e4256e71e313070996a9d8e3fc4e270820f4e"}},
  1},
 {<<"folsom">>,
  {git,"git://github.com/boundary/folsom",
       {ref,"38e2cce7c64ce1f0a3a918d90394cfc0a940b1ba"}},
  1},
 {<<"fusco">>,
  {git,"https://github.com/esl/fusco",
       {ref,"0c2442b236e99b2564e35a76c7e86168917c052e"}},
  0},
 {<<"goldrush">>,{pkg,<<"goldrush">>,<<"0.1.8">>},1},
 {<<"hamcrest">>,
  {git,"https://github.com/basho/hamcrest-erlang.git",
       {ref,"98bc7aa19ea081478c816824aa05fc5a48acae66"}},
  2},
 {<<"idna">>,{pkg,<<"idna">>,<<"2.0.0">>},0},
 {<<"jiffy">>,{pkg,<<"jiffy">>,<<"0.14.11">>},0},
 {<<"lager">>,{pkg,<<"lager">>,<<"3.2.1">>},0},
 {<<"lager_syslog">>,
  {git,"https://github.com/basho/lager_syslog",
       {ref,"126dd0284fcac9b01613189a82facf8d803411a2"}},
  0},
 {<<"meck">>,{pkg,<<"meck">>,<<"0.8.4">>},0},
 {<<"mochijson2">>,
  {git,"https://github.com/bjnortier/mochijson2",
       {ref,"e162b7f5be57b8a1fcf5cc99aa4948864af42bba"}},
  0},
 {<<"mustache">>,
  {git,"https://github.com/mojombo/mustache.erl",
       {ref,"031c7aa302810424c198aa003aa8cf090150b555"}},
  0},
 {<<"p1_utils">>,{pkg,<<"p1_utils">>,<<"1.0.5">>},1},
 {<<"parse_trans">>,
  {git,"git://github.com/uwiger/parse_trans.git",
       {ref,"a210adafdfbb904d156d8f22abd5fb58fc17de1e"}},
  2},
 {<<"partial">>,
  {git,"https://github.com/hippware/partial",
       {ref,"2d7099c54bd37118e517ce1d6003be47b047a442"}},
  0},
 {<<"poolboy">>,{pkg,<<"poolboy">>,<<"1.5.1">>},0},
 {<<"proper">>,
  {git,"https://github.com/manopapad/proper",
       {ref,"5f0d69c831b6c9f52535c3d1846efca480f6190d"}},
  0},
 {<<"protobuffs">>,
  {git,"https://github.com/basho/erlang_protobuffs.git",
       {ref,"0dde9d3b37b7bec3a4dfb0e87684dd7039e169ab"}},
  2},
 {<<"quickrand">>,{pkg,<<"quickrand">>,<<"1.6.0">>},1},
 {<<"ranch">>,{pkg,<<"ranch">>,<<"1.2.1">>},1},
 {<<"recon">>,{pkg,<<"recon">>,<<"2.3.2">>},0},
 {<<"redo">>,{pkg,<<"redo">>,<<"2.0.1">>},0},
 {<<"riak_pb">>,
  {git,"https://github.com/basho/riak_pb",
       {ref,"cb15cc4770f3748289ba56245d62b1c0d07c33f7"}},
  1},
 {<<"riakc">>,
  {git,"https://github.com/basho/riak-erlang-client",
       {ref,"736ad33b6f1130bd8c4b5d1f639b8948c429daa4"}},
  0},
 {<<"setup">>,
  {git,"git://github.com/uwiger/setup.git",
       {ref,"85447ca5eb671db0517a475791ac7fb3604bf44d"}},
  2},
 {<<"stringprep">>,{pkg,<<"stringprep">>,<<"1.0.6">>},0},
 {<<"syslog">>,
  {git,"git://github.com/Vagabond/erlang-syslog",
       {ref,"0e4f0e95c361af298c5d1d17ceccfa831efc036d"}},
  1},
 {<<"usec">>,
  {git,"https://github.com/esl/usec",
       {ref,"f85ffd8350d7000c26392c18bdfcdbb30f3b5ee8"}},
  0},
 {<<"uuid">>,{pkg,<<"uuid_erl">>,<<"1.6.0">>},0}]}.
[
{pkg_hash,[
 {<<"base16">>, <<"283644E2B21BD5915ACB7178BED7851FB07C6E5749B8FAD68A53C501092176D9">>},
 {<<"cache_tab">>, <<"3FD2B1AB40C36E7830A4E09E836C6B0FA89191CD4E5FD471873E4EB42F5CD37C">>},
 {<<"cowboy">>, <<"A324A8DF9F2316C833A470D918AAF73AE894278B8AA6226CE7A9BF699388F878">>},
 {<<"cowlib">>, <<"9D769A1D062C9C3AC753096F868CA121E2730B9A377DE23DEC0F7E08B1DF84EE">>},
 {<<"edown">>, <<"7333B6F6B7BBC736C263E9CEB8261667D7C8F7D92E251829F1A9FE8F24E7B694">>},
 {<<"goldrush">>, <<"2024BA375CEEA47E27EA70E14D2C483B2D8610101B4E852EF7F89163CDB6E649">>},
 {<<"idna">>, <<"13DC2C407F16FF24648AF98F529CEC5B957E2FAFA849DF11D52D82E11529C4C1">>},
 {<<"jiffy">>, <<"919A87D491C5A6B5E3BBC27FAFEDC3A0761CA0B4C405394F121F582FD4E3F0E5">>},
 {<<"lager">>, <<"EEF4E18B39E4195D37606D9088EA05BF1B745986CF8EC84F01D332456FE88D17">>},
 {<<"meck">>, <<"59CA1CD971372AA223138EFCF9B29475BDE299E1953046A0C727184790AB1520">>},
 {<<"p1_utils">>, <<"3E698354FDC1FEA5491D991457B0CB986C0A00A47D224FEB841DC3EC82B9F721">>},
 {<<"poolboy">>, <<"6B46163901CFD0A1B43D692657ED9D7E599853B3B21B95AE5AE0A777CF9B6CA8">>},
 {<<"quickrand">>, <<"33A277A639C442D77AB5C1EEA4641A49E3F034FD13658BB57E192A6E083FE77D">>},
 {<<"ranch">>, <<"A6FB992C10F2187B46FFD17CE398DDF8A54F691B81768F9EF5F461EA7E28C762">>},
 {<<"recon">>, <<"4444C879BE323B1B133EEC5241CB84BD3821EA194C740D75617E106BE4744318">>},
 {<<"redo">>, <<"B895C67F4C1266DB8FECCA0079FBAB65BDFAF7C2F5618C8EDBDBF4800E7E248B">>},
 {<<"stringprep">>, <<"1CF1C439EB038AA590DA5456E019F86AFBFBFEB5A2D37B6E5F873041624C6701">>},
 {<<"uuid">>, <<"1BA81515EEB37EEB7F1563B658E30CDF18BCAF1FD6A390BBF3838461753E69D8">>}]}
].
